{
  "name": "widgets",
  "version": "0.0.0",
  "lockfileVersion": 1,
  "requires": true,
  "dependencies": {
    "@types/scriptable-ios": {
      "version": "1.6.1",
      "resolved": "https://registry.npmjs.org/@types/scriptable-ios/-/scriptable-ios-1.6.1.tgz",
      "integrity": "sha512-xLI4XozeUrHmo78mWW9Zi5XnUiIvp7VcKTHJriVZ0WiyogGlYarAgvCmCWmNcS9/SGNBKNnHxfW+nwv6I5QCZw==",
      "dev": true
    }
  }
}
