
Microsoft Visual Studio Solution File, Format Version 12.00
# Visual Studio Version 16
VisualStudioVersion = 16.0.30907.101
MinimumVisualStudioVersion = 10.0.40219.1
Project("{9092AA53-FB77-4645-B42D-1CCCA6BD08BD}") = "Widgets", "Widgets.njsproj", "{F8E1642B-057E-4812-A127-1C35F04C60B9}"
EndProject
Global
	GlobalSection(SolutionConfigurationPlatforms) = preSolution
		Debug|Any CPU = Debug|Any CPU
		Release|Any CPU = Release|Any CPU
	EndGlobalSection
	GlobalSection(ProjectConfigurationPlatforms) = postSolution
		{F8E1642B-057E-4812-A127-1C35F04C60B9}.Debug|Any CPU.ActiveCfg = Debug|Any CPU
		{F8E1642B-057E-4812-A127-1C35F04C60B9}.Debug|Any CPU.Build.0 = Debug|Any CPU
		{F8E1642B-057E-4812-A127-1C35F04C60B9}.Release|Any CPU.ActiveCfg = Release|Any CPU
		{F8E1642B-057E-4812-A127-1C35F04C60B9}.Release|Any CPU.Build.0 = Release|Any CPU
	EndGlobalSection
	GlobalSection(SolutionProperties) = preSolution
		HideSolutionNode = FALSE
	EndGlobalSection
	GlobalSection(ExtensibilityGlobals) = postSolution
		SolutionGuid = {F14564D8-418D-4E70-A48E-20111464C66F}
	EndGlobalSection
EndGlobal
